
Microsoft Visual Studio Solution File, Format Version 12.00
# Visual Studio Version 17
VisualStudioVersion = 17.9.34728.123
MinimumVisualStudioVersion = 10.0.40219.1
Project("{FAE04EC0-301F-11D3-BF4B-00C04F79EFBC}") = "Practice5-1", "Practice5-1\Practice5-1.csproj", "{BF1425CA-42E5-4987-8F28-895C3E159515}"
EndProject
Project("{FAE04EC0-301F-11D3-BF4B-00C04F79EFBC}") = "Practice5-2", "Practice5-2\Practice5-2.csproj", "{DD5350A1-1637-4FF4-8E80-2916C902CAAC}"
EndProject
Project("{FAE04EC0-301F-11D3-BF4B-00C04F79EFBC}") = "Practice5-3-1", "Practice5-3-1\Practice5-3-1.csproj", "{FB852112-F714-4E04-880D-BD41FB206B81}"
EndProject
Project("{FAE04EC0-301F-11D3-BF4B-00C04F79EFBC}") = "Practice5-3-2", "Practice5-3-2\Practice5-3-2.csproj", "{C059AFC4-6CFA-4727-A34A-1692170D454C}"
EndProject
Project("{FAE04EC0-301F-11D3-BF4B-00C04F79EFBC}") = "Practice5-3-3", "Practice5-3-3\Practice5-3-3.csproj", "{3F962502-5007-4488-A2C2-0086646A5D76}"
EndProject
Project("{FAE04EC0-301F-11D3-BF4B-00C04F79EFBC}") = "Practice5-3-4", "Practice5-3-4\Practice5-3-4.csproj", "{0573B21D-432D-46D5-A41F-679E6F091925}"
EndProject
Project("{FAE04EC0-301F-11D3-BF4B-00C04F79EFBC}") = "Practice5-3-5", "Practice5-3-5\Practice5-3-5.csproj", "{6DDAC700-A857-4878-8815-B084FBA696B3}"
EndProject
Project("{FAE04EC0-301F-11D3-BF4B-00C04F79EFBC}") = "Practice5-4", "Practice5-4\Practice5-4.csproj", "{0B3A4133-74C0-47B7-A997-0BA24BEE518F}"
EndProject
Global
	GlobalSection(SolutionConfigurationPlatforms) = preSolution
		Debug|Any CPU = Debug|Any CPU
		Release|Any CPU = Release|Any CPU
	EndGlobalSection
	GlobalSection(ProjectConfigurationPlatforms) = postSolution
		{BF1425CA-42E5-4987-8F28-895C3E159515}.Debug|Any CPU.ActiveCfg = Debug|Any CPU
		{BF1425CA-42E5-4987-8F28-895C3E159515}.Debug|Any CPU.Build.0 = Debug|Any CPU
		{BF1425CA-42E5-4987-8F28-895C3E159515}.Release|Any CPU.ActiveCfg = Release|Any CPU
		{BF1425CA-42E5-4987-8F28-895C3E159515}.Release|Any CPU.Build.0 = Release|Any CPU
		{DD5350A1-1637-4FF4-8E80-2916C902CAAC}.Debug|Any CPU.ActiveCfg = Debug|Any CPU
		{DD5350A1-1637-4FF4-8E80-2916C902CAAC}.Debug|Any CPU.Build.0 = Debug|Any CPU
		{DD5350A1-1637-4FF4-8E80-2916C902CAAC}.Release|Any CPU.ActiveCfg = Release|Any CPU
		{DD5350A1-1637-4FF4-8E80-2916C902CAAC}.Release|Any CPU.Build.0 = Release|Any CPU
		{FB852112-F714-4E04-880D-BD41FB206B81}.Debug|Any CPU.ActiveCfg = Debug|Any CPU
		{FB852112-F714-4E04-880D-BD41FB206B81}.Debug|Any CPU.Build.0 = Debug|Any CPU
		{FB852112-F714-4E04-880D-BD41FB206B81}.Release|Any CPU.ActiveCfg = Release|Any CPU
		{FB852112-F714-4E04-880D-BD41FB206B81}.Release|Any CPU.Build.0 = Release|Any CPU
		{C059AFC4-6CFA-4727-A34A-1692170D454C}.Debug|Any CPU.ActiveCfg = Debug|Any CPU
		{C059AFC4-6CFA-4727-A34A-1692170D454C}.Debug|Any CPU.Build.0 = Debug|Any CPU
		{C059AFC4-6CFA-4727-A34A-1692170D454C}.Release|Any CPU.ActiveCfg = Release|Any CPU
		{C059AFC4-6CFA-4727-A34A-1692170D454C}.Release|Any CPU.Build.0 = Release|Any CPU
		{3F962502-5007-4488-A2C2-0086646A5D76}.Debug|Any CPU.ActiveCfg = Debug|Any CPU
		{3F962502-5007-4488-A2C2-0086646A5D76}.Debug|Any CPU.Build.0 = Debug|Any CPU
		{3F962502-5007-4488-A2C2-0086646A5D76}.Release|Any CPU.ActiveCfg = Release|Any CPU
		{3F962502-5007-4488-A2C2-0086646A5D76}.Release|Any CPU.Build.0 = Release|Any CPU
		{0573B21D-432D-46D5-A41F-679E6F091925}.Debug|Any CPU.ActiveCfg = Debug|Any CPU
		{0573B21D-432D-46D5-A41F-679E6F091925}.Debug|Any CPU.Build.0 = Debug|Any CPU
		{0573B21D-432D-46D5-A41F-679E6F091925}.Release|Any CPU.ActiveCfg = Release|Any CPU
		{0573B21D-432D-46D5-A41F-679E6F091925}.Release|Any CPU.Build.0 = Release|Any CPU
		{6DDAC700-A857-4878-8815-B084FBA696B3}.Debug|Any CPU.ActiveCfg = Debug|Any CPU
		{6DDAC700-A857-4878-8815-B084FBA696B3}.Debug|Any CPU.Build.0 = Debug|Any CPU
		{6DDAC700-A857-4878-8815-B084FBA696B3}.Release|Any CPU.ActiveCfg = Release|Any CPU
		{6DDAC700-A857-4878-8815-B084FBA696B3}.Release|Any CPU.Build.0 = Release|Any CPU
		{0B3A4133-74C0-47B7-A997-0BA24BEE518F}.Debug|Any CPU.ActiveCfg = Debug|Any CPU
		{0B3A4133-74C0-47B7-A997-0BA24BEE518F}.Debug|Any CPU.Build.0 = Debug|Any CPU
		{0B3A4133-74C0-47B7-A997-0BA24BEE518F}.Release|Any CPU.ActiveCfg = Release|Any CPU
		{0B3A4133-74C0-47B7-A997-0BA24BEE518F}.Release|Any CPU.Build.0 = Release|Any CPU
	EndGlobalSection
	GlobalSection(SolutionProperties) = preSolution
		HideSolutionNode = FALSE
	EndGlobalSection
	GlobalSection(ExtensibilityGlobals) = postSolution
		SolutionGuid = {64518D4D-23C6-4132-8867-57313A5439EC}
	EndGlobalSection
EndGlobal
