
Microsoft Visual Studio Solution File, Format Version 12.00
# Visual Studio Version 17
VisualStudioVersion = 17.9.34728.123
MinimumVisualStudioVersion = 10.0.40219.1
Project("{FAE04EC0-301F-11D3-BF4B-00C04F79EFBC}") = "TextFileProcessor", "TextFileProcessor\TextFileProcessor.csproj", "{09526B6B-7BFB-4A19-A33A-19C368D43DB3}"
EndProject
Global
	GlobalSection(SolutionConfigurationPlatforms) = preSolution
		Debug|Any CPU = Debug|Any CPU
		Release|Any CPU = Release|Any CPU
	EndGlobalSection
	GlobalSection(ProjectConfigurationPlatforms) = postSolution
		{09526B6B-7BFB-4A19-A33A-19C368D43DB3}.Debug|Any CPU.ActiveCfg = Debug|Any CPU
		{09526B6B-7BFB-4A19-A33A-19C368D43DB3}.Debug|Any CPU.Build.0 = Debug|Any CPU
		{09526B6B-7BFB-4A19-A33A-19C368D43DB3}.Release|Any CPU.ActiveCfg = Release|Any CPU
		{09526B6B-7BFB-4A19-A33A-19C368D43DB3}.Release|Any CPU.Build.0 = Release|Any CPU
	EndGlobalSection
	GlobalSection(SolutionProperties) = preSolution
		HideSolutionNode = FALSE
	EndGlobalSection
	GlobalSection(ExtensibilityGlobals) = postSolution
		SolutionGuid = {0362B510-19B6-4E92-A87C-90A0CCCC1389}
	EndGlobalSection
EndGlobal
