
Microsoft Visual Studio Solution File, Format Version 12.00
# Visual Studio Version 17
VisualStudioVersion = 17.9.34728.123
MinimumVisualStudioVersion = 10.0.40219.1
Project("{FAE04EC0-301F-11D3-BF4B-00C04F79EFBC}") = "Practice11-1-1", "Practice11-1-1\Practice11-1-1.csproj", "{189DA575-BE24-42D4-9C34-06EE12A55F6B}"
EndProject
Project("{FAE04EC0-301F-11D3-BF4B-00C04F79EFBC}") = "Practice11-1-2", "Practice11-1-2\Practice11-1-2.csproj", "{A0643231-C6B1-4807-9C9B-22935AE78FFB}"
EndProject
Project("{FAE04EC0-301F-11D3-BF4B-00C04F79EFBC}") = "Practice11-1-3", "Practice11-1-3\Practice11-1-3.csproj", "{2C108041-761B-43B5-92F5-BA69A6D9B033}"
EndProject
Project("{FAE04EC0-301F-11D3-BF4B-00C04F79EFBC}") = "Practice11-1-4", "Practice11-1-4\Practice11-1-4.csproj", "{ACBD18A0-F907-48B2-8570-724D4E160DE3}"
EndProject
Project("{FAE04EC0-301F-11D3-BF4B-00C04F79EFBC}") = "Practice11-2", "Practice11-2\Practice11-2.csproj", "{C03900C6-DA16-47AB-9ECD-1D891E99F065}"
EndProject
Global
	GlobalSection(SolutionConfigurationPlatforms) = preSolution
		Debug|Any CPU = Debug|Any CPU
		Release|Any CPU = Release|Any CPU
	EndGlobalSection
	GlobalSection(ProjectConfigurationPlatforms) = postSolution
		{189DA575-BE24-42D4-9C34-06EE12A55F6B}.Debug|Any CPU.ActiveCfg = Debug|Any CPU
		{189DA575-BE24-42D4-9C34-06EE12A55F6B}.Debug|Any CPU.Build.0 = Debug|Any CPU
		{189DA575-BE24-42D4-9C34-06EE12A55F6B}.Release|Any CPU.ActiveCfg = Release|Any CPU
		{189DA575-BE24-42D4-9C34-06EE12A55F6B}.Release|Any CPU.Build.0 = Release|Any CPU
		{A0643231-C6B1-4807-9C9B-22935AE78FFB}.Debug|Any CPU.ActiveCfg = Debug|Any CPU
		{A0643231-C6B1-4807-9C9B-22935AE78FFB}.Debug|Any CPU.Build.0 = Debug|Any CPU
		{A0643231-C6B1-4807-9C9B-22935AE78FFB}.Release|Any CPU.ActiveCfg = Release|Any CPU
		{A0643231-C6B1-4807-9C9B-22935AE78FFB}.Release|Any CPU.Build.0 = Release|Any CPU
		{2C108041-761B-43B5-92F5-BA69A6D9B033}.Debug|Any CPU.ActiveCfg = Debug|Any CPU
		{2C108041-761B-43B5-92F5-BA69A6D9B033}.Debug|Any CPU.Build.0 = Debug|Any CPU
		{2C108041-761B-43B5-92F5-BA69A6D9B033}.Release|Any CPU.ActiveCfg = Release|Any CPU
		{2C108041-761B-43B5-92F5-BA69A6D9B033}.Release|Any CPU.Build.0 = Release|Any CPU
		{ACBD18A0-F907-48B2-8570-724D4E160DE3}.Debug|Any CPU.ActiveCfg = Debug|Any CPU
		{ACBD18A0-F907-48B2-8570-724D4E160DE3}.Debug|Any CPU.Build.0 = Debug|Any CPU
		{ACBD18A0-F907-48B2-8570-724D4E160DE3}.Release|Any CPU.ActiveCfg = Release|Any CPU
		{ACBD18A0-F907-48B2-8570-724D4E160DE3}.Release|Any CPU.Build.0 = Release|Any CPU
		{C03900C6-DA16-47AB-9ECD-1D891E99F065}.Debug|Any CPU.ActiveCfg = Debug|Any CPU
		{C03900C6-DA16-47AB-9ECD-1D891E99F065}.Debug|Any CPU.Build.0 = Debug|Any CPU
		{C03900C6-DA16-47AB-9ECD-1D891E99F065}.Release|Any CPU.ActiveCfg = Release|Any CPU
		{C03900C6-DA16-47AB-9ECD-1D891E99F065}.Release|Any CPU.Build.0 = Release|Any CPU
	EndGlobalSection
	GlobalSection(SolutionProperties) = preSolution
		HideSolutionNode = FALSE
	EndGlobalSection
	GlobalSection(ExtensibilityGlobals) = postSolution
		SolutionGuid = {2BD57744-8025-4702-B9B1-8D88CEE9F2F6}
	EndGlobalSection
EndGlobal
