
Microsoft Visual Studio Solution File, Format Version 12.00
# Visual Studio Version 17
VisualStudioVersion = 17.9.34728.123
MinimumVisualStudioVersion = 10.0.40219.1
Project("{FAE04EC0-301F-11D3-BF4B-00C04F79EFBC}") = "Practice1-1-1", "Practice1-1-1\Practice1-1-1.csproj", "{A33C8291-6E08-4B5B-8736-EF8FCD88ECD6}"
EndProject
Project("{FAE04EC0-301F-11D3-BF4B-00C04F79EFBC}") = "Practice1-1-2", "Practice1-1-2\Practice1-1-2.csproj", "{8924179B-E59F-4EDC-AF2C-B482639BD95A}"
EndProject
Project("{FAE04EC0-301F-11D3-BF4B-00C04F79EFBC}") = "Practice1-1-3", "Practice1-1-3\Practice1-1-3.csproj", "{AB39ECB6-EDB7-49A7-A4BE-40134DD1AD67}"
EndProject
Global
	GlobalSection(SolutionConfigurationPlatforms) = preSolution
		Debug|Any CPU = Debug|Any CPU
		Release|Any CPU = Release|Any CPU
	EndGlobalSection
	GlobalSection(ProjectConfigurationPlatforms) = postSolution
		{A33C8291-6E08-4B5B-8736-EF8FCD88ECD6}.Debug|Any CPU.ActiveCfg = Debug|Any CPU
		{A33C8291-6E08-4B5B-8736-EF8FCD88ECD6}.Debug|Any CPU.Build.0 = Debug|Any CPU
		{A33C8291-6E08-4B5B-8736-EF8FCD88ECD6}.Release|Any CPU.ActiveCfg = Release|Any CPU
		{A33C8291-6E08-4B5B-8736-EF8FCD88ECD6}.Release|Any CPU.Build.0 = Release|Any CPU
		{8924179B-E59F-4EDC-AF2C-B482639BD95A}.Debug|Any CPU.ActiveCfg = Debug|Any CPU
		{8924179B-E59F-4EDC-AF2C-B482639BD95A}.Debug|Any CPU.Build.0 = Debug|Any CPU
		{8924179B-E59F-4EDC-AF2C-B482639BD95A}.Release|Any CPU.ActiveCfg = Release|Any CPU
		{8924179B-E59F-4EDC-AF2C-B482639BD95A}.Release|Any CPU.Build.0 = Release|Any CPU
		{AB39ECB6-EDB7-49A7-A4BE-40134DD1AD67}.Debug|Any CPU.ActiveCfg = Debug|Any CPU
		{AB39ECB6-EDB7-49A7-A4BE-40134DD1AD67}.Debug|Any CPU.Build.0 = Debug|Any CPU
		{AB39ECB6-EDB7-49A7-A4BE-40134DD1AD67}.Release|Any CPU.ActiveCfg = Release|Any CPU
		{AB39ECB6-EDB7-49A7-A4BE-40134DD1AD67}.Release|Any CPU.Build.0 = Release|Any CPU
	EndGlobalSection
	GlobalSection(SolutionProperties) = preSolution
		HideSolutionNode = FALSE
	EndGlobalSection
	GlobalSection(ExtensibilityGlobals) = postSolution
		SolutionGuid = {6998DC40-DD09-4812-B428-E5E6BB38602F}
	EndGlobalSection
EndGlobal
