
Microsoft Visual Studio Solution File, Format Version 12.00
# Visual Studio Version 17
VisualStudioVersion = 17.9.34728.123
MinimumVisualStudioVersion = 10.0.40219.1
Project("{FAE04EC0-301F-11D3-BF4B-00C04F79EFBC}") = "Practice14-1", "Practice14-1\Practice14-1.csproj", "{EF7CB62A-24BA-4415-AC62-BBA4EB1B71D6}"
EndProject
Project("{FAE04EC0-301F-11D3-BF4B-00C04F79EFBC}") = "Practice14-2", "Practice14-2\Practice14-2.csproj", "{72D7D9DD-435E-43D5-8EF4-D554EF50FF4C}"
EndProject
Project("{FAE04EC0-301F-11D3-BF4B-00C04F79EFBC}") = "Practice14-3", "Practice14-3\Practice14-3.csproj", "{68C55ED1-44EA-476B-9D82-A12DF7972C20}"
EndProject
Project("{FAE04EC0-301F-11D3-BF4B-00C04F79EFBC}") = "Practice14-4", "Practice14-4\Practice14-4.csproj", "{A3B72444-F928-4866-ABFB-FBEB5DCF4FEF}"
EndProject
Project("{FAE04EC0-301F-11D3-BF4B-00C04F79EFBC}") = "Practice14-5", "Practice14-5\Practice14-5.csproj", "{EAAD7484-B9A6-4362-983D-393A4E03A1E9}"
EndProject
Project("{FAE04EC0-301F-11D3-BF4B-00C04F79EFBC}") = "Practice14-6", "Practice14-6\Practice14-6.csproj", "{8DF75EC5-AABB-421E-A460-7CF4A0F8C084}"
EndProject
Global
	GlobalSection(SolutionConfigurationPlatforms) = preSolution
		Debug|Any CPU = Debug|Any CPU
		Release|Any CPU = Release|Any CPU
	EndGlobalSection
	GlobalSection(ProjectConfigurationPlatforms) = postSolution
		{EF7CB62A-24BA-4415-AC62-BBA4EB1B71D6}.Debug|Any CPU.ActiveCfg = Debug|Any CPU
		{EF7CB62A-24BA-4415-AC62-BBA4EB1B71D6}.Debug|Any CPU.Build.0 = Debug|Any CPU
		{EF7CB62A-24BA-4415-AC62-BBA4EB1B71D6}.Release|Any CPU.ActiveCfg = Release|Any CPU
		{EF7CB62A-24BA-4415-AC62-BBA4EB1B71D6}.Release|Any CPU.Build.0 = Release|Any CPU
		{72D7D9DD-435E-43D5-8EF4-D554EF50FF4C}.Debug|Any CPU.ActiveCfg = Debug|Any CPU
		{72D7D9DD-435E-43D5-8EF4-D554EF50FF4C}.Debug|Any CPU.Build.0 = Debug|Any CPU
		{72D7D9DD-435E-43D5-8EF4-D554EF50FF4C}.Release|Any CPU.ActiveCfg = Release|Any CPU
		{72D7D9DD-435E-43D5-8EF4-D554EF50FF4C}.Release|Any CPU.Build.0 = Release|Any CPU
		{68C55ED1-44EA-476B-9D82-A12DF7972C20}.Debug|Any CPU.ActiveCfg = Debug|Any CPU
		{68C55ED1-44EA-476B-9D82-A12DF7972C20}.Debug|Any CPU.Build.0 = Debug|Any CPU
		{68C55ED1-44EA-476B-9D82-A12DF7972C20}.Release|Any CPU.ActiveCfg = Release|Any CPU
		{68C55ED1-44EA-476B-9D82-A12DF7972C20}.Release|Any CPU.Build.0 = Release|Any CPU
		{A3B72444-F928-4866-ABFB-FBEB5DCF4FEF}.Debug|Any CPU.ActiveCfg = Debug|Any CPU
		{A3B72444-F928-4866-ABFB-FBEB5DCF4FEF}.Debug|Any CPU.Build.0 = Debug|Any CPU
		{A3B72444-F928-4866-ABFB-FBEB5DCF4FEF}.Release|Any CPU.ActiveCfg = Release|Any CPU
		{A3B72444-F928-4866-ABFB-FBEB5DCF4FEF}.Release|Any CPU.Build.0 = Release|Any CPU
		{EAAD7484-B9A6-4362-983D-393A4E03A1E9}.Debug|Any CPU.ActiveCfg = Debug|Any CPU
		{EAAD7484-B9A6-4362-983D-393A4E03A1E9}.Debug|Any CPU.Build.0 = Debug|Any CPU
		{EAAD7484-B9A6-4362-983D-393A4E03A1E9}.Release|Any CPU.ActiveCfg = Release|Any CPU
		{EAAD7484-B9A6-4362-983D-393A4E03A1E9}.Release|Any CPU.Build.0 = Release|Any CPU
		{8DF75EC5-AABB-421E-A460-7CF4A0F8C084}.Debug|Any CPU.ActiveCfg = Debug|Any CPU
		{8DF75EC5-AABB-421E-A460-7CF4A0F8C084}.Debug|Any CPU.Build.0 = Debug|Any CPU
		{8DF75EC5-AABB-421E-A460-7CF4A0F8C084}.Release|Any CPU.ActiveCfg = Release|Any CPU
		{8DF75EC5-AABB-421E-A460-7CF4A0F8C084}.Release|Any CPU.Build.0 = Release|Any CPU
	EndGlobalSection
	GlobalSection(SolutionProperties) = preSolution
		HideSolutionNode = FALSE
	EndGlobalSection
	GlobalSection(ExtensibilityGlobals) = postSolution
		SolutionGuid = {3303F413-F186-4069-85BA-AF7D5B63FF67}
	EndGlobalSection
EndGlobal
